
Microsoft Visual Studio Solution File, Format Version 12.00
# Visual Studio Version 17
VisualStudioVersion = 17.0.31611.283
MinimumVisualStudioVersion = 10.0.40219.1
Project("{9A19103F-16F7-4668-BE54-9A1E7A4F7556}") = "SnakeClient", "SnakeClient\SnakeClient.csproj", "{7DA96372-0505-424C-98B4-A5A2E01D7E3E}"
EndProject
Project("{9A19103F-16F7-4668-BE54-9A1E7A4F7556}") = "Vector2D", "Vector2D\Vector2D.csproj", "{1E1AC518-A91F-4804-85B2-34B8B0B220C8}"
EndProject
Project("{9A19103F-16F7-4668-BE54-9A1E7A4F7556}") = "Model", "Model\Model.csproj", "{A201625F-1906-4EA0-9FE4-6C5166F68D59}"
EndProject
Project("{9A19103F-16F7-4668-BE54-9A1E7A4F7556}") = "GameController", "GameController\GameController.csproj", "{96138387-C59B-496D-93BB-3886462E0C54}"
EndProject
Project("{9A19103F-16F7-4668-BE54-9A1E7A4F7556}") = "NetworkController", "NetworkController\NetworkController.csproj", "{D2D04A2E-5FDA-48EF-A11F-0346FE1B7FFC}"
EndProject
Project("{2150E333-8FDC-42A3-9474-1A3956D46DE8}") = "Solution Items", "Solution Items", "{C51BAB5D-5194-4017-B1AF-7C92241A3BF2}"
	ProjectSection(SolutionItems) = preProject
		Readme.md = Readme.md
	EndProjectSection
EndProject
Project("{FAE04EC0-301F-11D3-BF4B-00C04F79EFBC}") = "Server", "Server\Server.csproj", "{AF88F747-ECF0-43B8-867D-BEA7AD691496}"
EndProject
Global
	GlobalSection(SolutionConfigurationPlatforms) = preSolution
		Debug|Any CPU = Debug|Any CPU
		Release|Any CPU = Release|Any CPU
	EndGlobalSection
	GlobalSection(ProjectConfigurationPlatforms) = postSolution
		{7DA96372-0505-424C-98B4-A5A2E01D7E3E}.Debug|Any CPU.ActiveCfg = Debug|Any CPU
		{7DA96372-0505-424C-98B4-A5A2E01D7E3E}.Debug|Any CPU.Build.0 = Debug|Any CPU
		{7DA96372-0505-424C-98B4-A5A2E01D7E3E}.Debug|Any CPU.Deploy.0 = Debug|Any CPU
		{7DA96372-0505-424C-98B4-A5A2E01D7E3E}.Release|Any CPU.ActiveCfg = Release|Any CPU
		{7DA96372-0505-424C-98B4-A5A2E01D7E3E}.Release|Any CPU.Build.0 = Release|Any CPU
		{7DA96372-0505-424C-98B4-A5A2E01D7E3E}.Release|Any CPU.Deploy.0 = Release|Any CPU
		{1E1AC518-A91F-4804-85B2-34B8B0B220C8}.Debug|Any CPU.ActiveCfg = Debug|Any CPU
		{1E1AC518-A91F-4804-85B2-34B8B0B220C8}.Debug|Any CPU.Build.0 = Debug|Any CPU
		{1E1AC518-A91F-4804-85B2-34B8B0B220C8}.Release|Any CPU.ActiveCfg = Release|Any CPU
		{1E1AC518-A91F-4804-85B2-34B8B0B220C8}.Release|Any CPU.Build.0 = Release|Any CPU
		{A201625F-1906-4EA0-9FE4-6C5166F68D59}.Debug|Any CPU.ActiveCfg = Debug|Any CPU
		{A201625F-1906-4EA0-9FE4-6C5166F68D59}.Debug|Any CPU.Build.0 = Debug|Any CPU
		{A201625F-1906-4EA0-9FE4-6C5166F68D59}.Release|Any CPU.ActiveCfg = Release|Any CPU
		{A201625F-1906-4EA0-9FE4-6C5166F68D59}.Release|Any CPU.Build.0 = Release|Any CPU
		{96138387-C59B-496D-93BB-3886462E0C54}.Debug|Any CPU.ActiveCfg = Debug|Any CPU
		{96138387-C59B-496D-93BB-3886462E0C54}.Debug|Any CPU.Build.0 = Debug|Any CPU
		{96138387-C59B-496D-93BB-3886462E0C54}.Release|Any CPU.ActiveCfg = Release|Any CPU
		{96138387-C59B-496D-93BB-3886462E0C54}.Release|Any CPU.Build.0 = Release|Any CPU
		{D2D04A2E-5FDA-48EF-A11F-0346FE1B7FFC}.Debug|Any CPU.ActiveCfg = Debug|Any CPU
		{D2D04A2E-5FDA-48EF-A11F-0346FE1B7FFC}.Debug|Any CPU.Build.0 = Debug|Any CPU
		{D2D04A2E-5FDA-48EF-A11F-0346FE1B7FFC}.Release|Any CPU.ActiveCfg = Release|Any CPU
		{D2D04A2E-5FDA-48EF-A11F-0346FE1B7FFC}.Release|Any CPU.Build.0 = Release|Any CPU
		{AF88F747-ECF0-43B8-867D-BEA7AD691496}.Debug|Any CPU.ActiveCfg = Debug|Any CPU
		{AF88F747-ECF0-43B8-867D-BEA7AD691496}.Debug|Any CPU.Build.0 = Debug|Any CPU
		{AF88F747-ECF0-43B8-867D-BEA7AD691496}.Release|Any CPU.ActiveCfg = Release|Any CPU
		{AF88F747-ECF0-43B8-867D-BEA7AD691496}.Release|Any CPU.Build.0 = Release|Any CPU
	EndGlobalSection
	GlobalSection(SolutionProperties) = preSolution
		HideSolutionNode = FALSE
	EndGlobalSection
	GlobalSection(ExtensibilityGlobals) = postSolution
		SolutionGuid = {61F7FB11-1E47-470C-91E2-47F8143E1572}
	EndGlobalSection
EndGlobal
